
Microsoft Visual Studio Solution File, Format Version 12.00
# Visual Studio Version 16
VisualStudioVersion = 16.0.810.16
MinimumVisualStudioVersion = 10.0.40219.1
Project("{FAE04EC0-301F-11D3-BF4B-00C04F79EFBC}") = "Mission7", "Mission7.csproj", "{CBCC089E-EE42-47E6-9C20-DE269793F11A}"
EndProject
Global
	GlobalSection(SolutionConfigurationPlatforms) = preSolution
		Debug|Any CPU = Debug|Any CPU
		Release|Any CPU = Release|Any CPU
	EndGlobalSection
	GlobalSection(ProjectConfigurationPlatforms) = postSolution
		{CBCC089E-EE42-47E6-9C20-DE269793F11A}.Debug|Any CPU.ActiveCfg = Debug|Any CPU
		{CBCC089E-EE42-47E6-9C20-DE269793F11A}.Debug|Any CPU.Build.0 = Debug|Any CPU
		{CBCC089E-EE42-47E6-9C20-DE269793F11A}.Release|Any CPU.ActiveCfg = Release|Any CPU
		{CBCC089E-EE42-47E6-9C20-DE269793F11A}.Release|Any CPU.Build.0 = Release|Any CPU
	EndGlobalSection
	GlobalSection(SolutionProperties) = preSolution
		HideSolutionNode = FALSE
	EndGlobalSection
	GlobalSection(ExtensibilityGlobals) = postSolution
		SolutionGuid = {68AEF370-3123-45FE-A6F7-6A6E82824F3B}
	EndGlobalSection
EndGlobal
